{
  "projects": [
    {
      "projectId": "rBD4CX5iFvw16N7NCtmPxN",
      "version": "latest",
      "dependencies": {},
      "lang": "ts",
      "fileLocks": [
        {
          "type": "globalVariant",
          "assetId": "ZgxH2EbNbRmANC",
          "checksum": "5bc650fef671141db9f31c677f4fe9bd"
        },
        {
          "assetId": "rBD4CX5iFvw16N7NCtmPxN",
          "type": "projectCss",
          "checksum": "a50ced2753ef1b5db2d57bb0fe435993"
        },
        {
          "type": "renderModule",
          "assetId": "vmqteV30HuQZz",
          "checksum": "62296a3cbea754d7733f804182aa9c1f"
        },
        {
          "type": "cssRules",
          "assetId": "vmqteV30HuQZz",
          "checksum": "62296a3cbea754d7733f804182aa9c1f"
        },
        {
          "type": "renderModule",
          "assetId": "JNodnEnTGQAka",
          "checksum": "b1c931d77ec385830d1cbc82d7ba39f7"
        },
        {
          "type": "cssRules",
          "assetId": "JNodnEnTGQAka",
          "checksum": "b1c931d77ec385830d1cbc82d7ba39f7"
        },
        {
          "type": "renderModule",
          "assetId": "tvWizp6ssEsgQ",
          "checksum": "ba919ba533b98d4a71cbbe7073b0add5"
        },
        {
          "type": "cssRules",
          "assetId": "tvWizp6ssEsgQ",
          "checksum": "ba919ba533b98d4a71cbbe7073b0add5"
        },
        {
          "type": "renderModule",
          "assetId": "P0-MHQlc1AIBw",
          "checksum": "0acfe0ef54c0e2ee125579a57dd11f5a"
        },
        {
          "type": "cssRules",
          "assetId": "P0-MHQlc1AIBw",
          "checksum": "0acfe0ef54c0e2ee125579a57dd11f5a"
        },
        {
          "type": "renderModule",
          "assetId": "sVAIbXEasWFl4",
          "checksum": "27724223ce3b1e16c0b9a4950b71ef51"
        },
        {
          "type": "cssRules",
          "assetId": "sVAIbXEasWFl4",
          "checksum": "27724223ce3b1e16c0b9a4950b71ef51"
        },
        {
          "type": "renderModule",
          "assetId": "y0-h_HUf7uSWu",
          "checksum": "63b8db92bea1fdada878c0662ecf1e1a"
        },
        {
          "type": "cssRules",
          "assetId": "y0-h_HUf7uSWu",
          "checksum": "63b8db92bea1fdada878c0662ecf1e1a"
        },
        {
          "type": "renderModule",
          "assetId": "7EJH4AlU0rG_OH",
          "checksum": "11c6ce76f88260015746a801e6ba659c"
        },
        {
          "type": "cssRules",
          "assetId": "7EJH4AlU0rG_OH",
          "checksum": "11c6ce76f88260015746a801e6ba659c"
        },
        {
          "type": "renderModule",
          "assetId": "NgV2KaUj4f2yQH",
          "checksum": "3869e108070d875e1a1c1dac7dfe60cd"
        },
        {
          "type": "cssRules",
          "assetId": "NgV2KaUj4f2yQH",
          "checksum": "3869e108070d875e1a1c1dac7dfe60cd"
        },
        {
          "type": "renderModule",
          "assetId": "V6nHesWcNSLAeu",
          "checksum": "f3fb7406f218050b93c3638d89583df3"
        },
        {
          "type": "cssRules",
          "assetId": "V6nHesWcNSLAeu",
          "checksum": "f3fb7406f218050b93c3638d89583df3"
        },
        {
          "type": "renderModule",
          "assetId": "W8MUTJUWN-a8HM",
          "checksum": "f5a91a02685abbbb5bcb8adc01045e9a"
        },
        {
          "type": "cssRules",
          "assetId": "W8MUTJUWN-a8HM",
          "checksum": "f5a91a02685abbbb5bcb8adc01045e9a"
        },
        {
          "type": "renderModule",
          "assetId": "cDzNFswXMtlL3m",
          "checksum": "104c59d1938e96740009c62feb58cb76"
        },
        {
          "type": "cssRules",
          "assetId": "cDzNFswXMtlL3m",
          "checksum": "104c59d1938e96740009c62feb58cb76"
        },
        {
          "type": "renderModule",
          "assetId": "uV_rQKTqIoF0w_",
          "checksum": "b11d704ae86b28a1fe93ab39b126195b"
        },
        {
          "type": "cssRules",
          "assetId": "uV_rQKTqIoF0w_",
          "checksum": "b11d704ae86b28a1fe93ab39b126195b"
        },
        {
          "type": "renderModule",
          "assetId": "1lLKaX7XQ_RvV6",
          "checksum": "eee847bc7c03ca83ca288632c160c0cb"
        },
        {
          "type": "cssRules",
          "assetId": "1lLKaX7XQ_RvV6",
          "checksum": "eee847bc7c03ca83ca288632c160c0cb"
        },
        {
          "type": "renderModule",
          "assetId": "BcDghBKUvtnFbE",
          "checksum": "5da08257b3cb048fdc7141257b27e2d5"
        },
        {
          "type": "cssRules",
          "assetId": "BcDghBKUvtnFbE",
          "checksum": "5da08257b3cb048fdc7141257b27e2d5"
        },
        {
          "type": "renderModule",
          "assetId": "tgn6Oypls3KsRB",
          "checksum": "1159dfc774b64d03a15b81ca16f74ee5"
        },
        {
          "type": "cssRules",
          "assetId": "tgn6Oypls3KsRB",
          "checksum": "1159dfc774b64d03a15b81ca16f74ee5"
        },
        {
          "type": "renderModule",
          "assetId": "dqIMNdsS908UnL",
          "checksum": "5228f32627c6d4297c22bed7462b1566"
        },
        {
          "type": "cssRules",
          "assetId": "dqIMNdsS908UnL",
          "checksum": "5228f32627c6d4297c22bed7462b1566"
        },
        {
          "type": "renderModule",
          "assetId": "eWXi9zlB3QIflD",
          "checksum": "d2bf717f215a347c1ced21fb68c9f161"
        },
        {
          "type": "cssRules",
          "assetId": "eWXi9zlB3QIflD",
          "checksum": "d2bf717f215a347c1ced21fb68c9f161"
        },
        {
          "type": "renderModule",
          "assetId": "8XN4un-8_-v7mo",
          "checksum": "294bef762f2238b8115e362f4677e492"
        },
        {
          "type": "cssRules",
          "assetId": "8XN4un-8_-v7mo",
          "checksum": "294bef762f2238b8115e362f4677e492"
        },
        {
          "type": "renderModule",
          "assetId": "8zlDc6aMa879-G",
          "checksum": "0952cdc9d302ce1dc9dd92156b03841c"
        },
        {
          "type": "cssRules",
          "assetId": "8zlDc6aMa879-G",
          "checksum": "0952cdc9d302ce1dc9dd92156b03841c"
        },
        {
          "type": "renderModule",
          "assetId": "toMphFm8qiINuz",
          "checksum": "8121f81ce9dfd34e22f7d29076adaa2a"
        },
        {
          "type": "cssRules",
          "assetId": "toMphFm8qiINuz",
          "checksum": "8121f81ce9dfd34e22f7d29076adaa2a"
        },
        {
          "type": "renderModule",
          "assetId": "NCI1iWII_oli-t",
          "checksum": "f4812a6ca3317208d998751ebef71ae4"
        },
        {
          "type": "cssRules",
          "assetId": "NCI1iWII_oli-t",
          "checksum": "f4812a6ca3317208d998751ebef71ae4"
        },
        {
          "type": "renderModule",
          "assetId": "XCR71B54fwo-56",
          "checksum": "3c99a4559e8a1d57757a9befaad2112d"
        },
        {
          "type": "cssRules",
          "assetId": "XCR71B54fwo-56",
          "checksum": "3c99a4559e8a1d57757a9befaad2112d"
        },
        {
          "type": "renderModule",
          "assetId": "3xXXcIoxHrOO3r",
          "checksum": "82d899440b07eb9ef0fdcc588c902a24"
        },
        {
          "type": "cssRules",
          "assetId": "3xXXcIoxHrOO3r",
          "checksum": "82d899440b07eb9ef0fdcc588c902a24"
        },
        {
          "type": "icon",
          "assetId": "zQ3CsLosx1IDD2",
          "checksum": "8c4befcf5618fe12156dc6b820f3958d"
        },
        {
          "type": "icon",
          "assetId": "jGbf9Jaizn-SDR",
          "checksum": "df370a440434d7adbbd5eca058407d54"
        },
        {
          "type": "icon",
          "assetId": "y6jeTqY2GzenJx",
          "checksum": "97c541089488d5c7216b1107e8e1fc2e"
        },
        {
          "type": "icon",
          "assetId": "xGntdFdocAcsYc",
          "checksum": "c3131ad655d78ca9b49e30e0c64160ed"
        },
        {
          "type": "icon",
          "assetId": "arUFMakqGm6l9l",
          "checksum": "d57b8c69bb7ab3a99637f4b1c05adaad"
        },
        {
          "type": "icon",
          "assetId": "W_IGoDFTAD9xJs",
          "checksum": "b5e747af9f6b944080d1d1ff94dcc6ba"
        },
        {
          "type": "icon",
          "assetId": "iWJD6KqRbqDjod",
          "checksum": "006987881af5538030663a4296054d31"
        },
        {
          "type": "icon",
          "assetId": "qjoTO4yh3AKMoq",
          "checksum": "b082fbdafa81ea556af0eba08838b1c8"
        },
        {
          "type": "icon",
          "assetId": "-FGs-LypX9Judq",
          "checksum": "b0d785c2ead630c4f1679611183f0ac1"
        },
        {
          "type": "icon",
          "assetId": "jwTSr_sbba6mkm",
          "checksum": "5e987cbd5627c6f2445bc331ebcbdb18"
        },
        {
          "type": "icon",
          "assetId": "JZDejmmhdGhx9I",
          "checksum": "044feb3daa30fd53e1fec41c5d2f9e64"
        },
        {
          "type": "icon",
          "assetId": "Bb_Dfi0srlrDaY",
          "checksum": "047c36a28d84c8909132cde24bf42b3e"
        },
        {
          "type": "icon",
          "assetId": "nG5yLN_Q0PcE9F",
          "checksum": "d81854e5a380321fcc0498ac50231870"
        },
        {
          "type": "icon",
          "assetId": "0O09KNtBj2D74g",
          "checksum": "49a1746087cf99a9a05b664def4c1389"
        },
        {
          "type": "icon",
          "assetId": "UzwiPICKrocAun",
          "checksum": "624cb80b73e8fed34077b572f06a1486"
        },
        {
          "type": "icon",
          "assetId": "HZtCZGOouYa5RS",
          "checksum": "9f6853db30e23f8ed2c3d5fb4fb6351c"
        },
        {
          "type": "image",
          "assetId": "i_weRbh6uX6tI_",
          "checksum": "034359810996c88df5bec7dd36035d28"
        },
        {
          "type": "image",
          "assetId": "_TMTJ_2dXPHjpk",
          "checksum": "08ff392c2d8eb02472c667bf33f71f85"
        },
        {
          "type": "image",
          "assetId": "PrxLz42Ia4_IrJ",
          "checksum": "a9856a697577279799aafaa0f2849c9a"
        },
        {
          "type": "image",
          "assetId": "XBlsx___hXMhRb",
          "checksum": "143632180b16d936cc68327d5a2ee6d0"
        },
        {
          "type": "image",
          "assetId": "5RMSr3g-ruWgzN",
          "checksum": "6ffa640ac590f4a7d4d6030171cdbf35"
        },
        {
          "type": "image",
          "assetId": "KXqS3qeqdqK9DY",
          "checksum": "964e250e7a92050566241588765edfff"
        },
        {
          "type": "image",
          "assetId": "xmJtTR316y7eKC",
          "checksum": "63922e2e17796a67d5506e8438e6f076"
        },
        {
          "type": "image",
          "assetId": "iJQS_cYQxAMTAF",
          "checksum": "2b30af32d18b6e1e58138cf07417528f"
        },
        {
          "type": "image",
          "assetId": "VxX0NAA7UeLeS-",
          "checksum": "fcde0a23bdf9d158380378555b014021"
        },
        {
          "type": "image",
          "assetId": "SykPlmU5NkTtvL",
          "checksum": "b7c87e0ce97e9c912aaa150472285ef0"
        },
        {
          "type": "image",
          "assetId": "1N-Q_Q1ym-oERZ",
          "checksum": "2c994486795d32f27489d13c200d1e30"
        },
        {
          "type": "image",
          "assetId": "mcjOilW1tMx7Y8",
          "checksum": "61a90fbe85c7d46fe7ba6be79f79b4b0"
        },
        {
          "type": "image",
          "assetId": "2zwSb1PoL1_ELc",
          "checksum": "428f3efd8a99a626cfdc8c644c3ca59d"
        },
        {
          "type": "image",
          "assetId": "OKRSlB-pCzBcu2",
          "checksum": "4b45637c39b23db91a3807055a65346a"
        },
        {
          "type": "image",
          "assetId": "9Bnm3XB5ogwA5J",
          "checksum": "22d03c0392c75349850fa51fe5a1bc68"
        },
        {
          "type": "image",
          "assetId": "WglSvI81NZYsvP",
          "checksum": "b3cf89a2deb3a0b659afad983068caf1"
        },
        {
          "type": "image",
          "assetId": "pRJdxhxCy4to6-",
          "checksum": "136855fab463b4fd3c63ae7ac073a5c7"
        },
        {
          "type": "image",
          "assetId": "5ysyayEH8U4Gvk",
          "checksum": "81ffd47311ceefe0c4d7fd8c0f3e8766"
        },
        {
          "type": "image",
          "assetId": "C2a95p_9EQKIgR",
          "checksum": "e589f2a2ca85452502010f0f82b2a34d"
        },
        {
          "type": "image",
          "assetId": "j1O5_c9xwtrZbm",
          "checksum": "b44f976aeb7e3da51ea51d1842910d1c"
        },
        {
          "type": "image",
          "assetId": "m9lHjhQiEeVtmd",
          "checksum": "6840a2342a007a46ffc2709955ebd886"
        },
        {
          "type": "image",
          "assetId": "0wdfgvpy--m7xJ",
          "checksum": "d700a0dec736f41d3be69fbdf117547d"
        },
        {
          "type": "image",
          "assetId": "RyGu69sQLjeG1c",
          "checksum": "ca113770314797b6fcd73b12ca0c383d"
        },
        {
          "type": "image",
          "assetId": "hgtnP0K2uwESJu",
          "checksum": "fa4ec18cceb4c187df5be467978a3910"
        },
        {
          "type": "image",
          "assetId": "FQJyLYJavAga4d",
          "checksum": "dca8996936ff9fde4a7babc1281b3ab8"
        },
        {
          "type": "image",
          "assetId": "CcESaRs5Qj1aXW",
          "checksum": "f134cf7780490291c21979ab8a4be067"
        },
        {
          "type": "image",
          "assetId": "2Iy1LgGJhSrEpX",
          "checksum": "d38547587b436252bc8c7a07164dbf1a"
        },
        {
          "type": "image",
          "assetId": "BNImgoCp4n8eab",
          "checksum": "53c3b89bbb4d37af12d833c03894fa30"
        },
        {
          "type": "image",
          "assetId": "mZmBf_4sQEOP1j",
          "checksum": "5939dc66be4e78c32f0acf74de414f0b"
        },
        {
          "type": "image",
          "assetId": "Rm-OCHp8buRo89",
          "checksum": "b9190d832586e90045c6e9d04d4a3afa"
        },
        {
          "type": "image",
          "assetId": "3A6U8ADMblbQLY",
          "checksum": "2e32e0403d328115a512bf3d52306e8b"
        },
        {
          "type": "image",
          "assetId": "BZJrwcLbsaxShE",
          "checksum": "b1c750c972551b21dc1f58cde07ddbbf"
        },
        {
          "type": "image",
          "assetId": "tyCtTxijPuPZOT",
          "checksum": "2c035eb2cb17cb3c00ca87df2f2583e3"
        },
        {
          "type": "image",
          "assetId": "rUPnq9pjKA2lp3",
          "checksum": "b43a336f64ffc1edbc753eff21ba6346"
        },
        {
          "type": "image",
          "assetId": "rzuCtN5dnFllTJ",
          "checksum": "1dc031f88655d02f702f6d11d0035725"
        },
        {
          "type": "image",
          "assetId": "YUWcXWvkQ9SyX5",
          "checksum": "e226b9bac4542aaee5e166cb8496ed81"
        },
        {
          "type": "image",
          "assetId": "HXG1hu9LUdaX30",
          "checksum": "97db891e3e72b06fc787923ff200c3b3"
        },
        {
          "type": "image",
          "assetId": "Fp3UY9-0NF1Gj8",
          "checksum": "989ea1e9cf5d5fbfb9f1fd4d8bc7300d"
        },
        {
          "type": "image",
          "assetId": "XpRwV_Jc82PJxp",
          "checksum": "3be5f7c7871bf585ba78e9b3bb22eca0"
        },
        {
          "type": "image",
          "assetId": "pRJCFX_zJuKyti",
          "checksum": "d7abd194c895ba1db140a7ef76ae4b9c"
        },
        {
          "type": "image",
          "assetId": "pr1gw6qCL5gbW_",
          "checksum": "417f040b5dd439182b76b847fcbdcb48"
        },
        {
          "type": "image",
          "assetId": "gcQ7SZD-v2vSlw",
          "checksum": "83085a096b4e1c825b0ada7c86b136ef"
        },
        {
          "type": "image",
          "assetId": "3BhFho-_5lUs6l",
          "checksum": "3f6a27460973ed1a952707dd4ce4eadd"
        },
        {
          "type": "image",
          "assetId": "adgxCbIeMRhuoW",
          "checksum": "8d656140d58ac068348594b8ebfd5853"
        },
        {
          "type": "image",
          "assetId": "CIUtcUcODgOjFL",
          "checksum": "6e9d487d5292a856fea6b6b88ecd4b2c"
        },
        {
          "type": "image",
          "assetId": "b1CcNGSPKmMIRC",
          "checksum": "721b996af5c31b8c195044745dc19d95"
        },
        {
          "type": "image",
          "assetId": "uxOYueWb8WfHWd",
          "checksum": "82013e2a5d68a3be0b26927ad534a7a3"
        },
        {
          "type": "image",
          "assetId": "1mbvJhb1hKXv6H",
          "checksum": "8179b737e2df016d5689e3bdcae1976e"
        },
        {
          "type": "image",
          "assetId": "A9szB5OUaMVhwI",
          "checksum": "3713de81e5075d2ef496357515abdf06"
        },
        {
          "type": "image",
          "assetId": "mu-2dVBM6ygYvC",
          "checksum": "59ca10f10afa2ed21e68363636f1c7f4"
        },
        {
          "type": "image",
          "assetId": "1Khn1b4glVhfg8",
          "checksum": "e4dcbac46893ca704350f3b63234444a"
        },
        {
          "type": "image",
          "assetId": "dRAdjlWLyTt-zz",
          "checksum": "ffc4c079e3885a45a5789967910ff0c6"
        },
        {
          "type": "image",
          "assetId": "LFR0G3wIVcZslY",
          "checksum": "44931b1ba367b5147726499c5f411158"
        },
        {
          "type": "image",
          "assetId": "fEPHZ9MhnIrBHP",
          "checksum": "04421134c8a81aac4f75d61edf667ef7"
        },
        {
          "type": "image",
          "assetId": "ArS6ElncWxDD_1",
          "checksum": "86ef375145eaf259f58d1779d504ab96"
        },
        {
          "type": "image",
          "assetId": "8sHkgd2vE0YEub",
          "checksum": "ac8d587e800016f26f4169fa28e5ceea"
        },
        {
          "type": "image",
          "assetId": "gRv7LVeR1CCdda",
          "checksum": "a7453dc0a5d499cc36cc3941bc2a7cad"
        },
        {
          "type": "image",
          "assetId": "lt_tC3u6VdO1NE",
          "checksum": "cfabf7bea83f0354e530064139073e8f"
        },
        {
          "type": "image",
          "assetId": "pappgLXw5xhyhO",
          "checksum": "c360239712745072ba3f71f6cc25c45d"
        },
        {
          "type": "image",
          "assetId": "c95SmeccsOH8qn",
          "checksum": "635e0b366d35dd5b0e6811bf54a8de87"
        },
        {
          "type": "image",
          "assetId": "IHsemAn2sADhhy",
          "checksum": "9acf02fd4ac2a008d6eb3f82fa7dcf4a"
        },
        {
          "type": "image",
          "assetId": "_Brl7iPIuUWauv",
          "checksum": "fa07d7bc7907b1b3f98e8fe034cc6d01"
        },
        {
          "type": "image",
          "assetId": "pDAleXPdcsmWQr",
          "checksum": "5f09e2d65517c5b47539a35cab5ec86d"
        },
        {
          "type": "image",
          "assetId": "42xEybdMo0xiO-",
          "checksum": "188e5066905eb4468b267e1f86246c97"
        },
        {
          "type": "image",
          "assetId": "WK5M-gk9QDrxSJ",
          "checksum": "6a226360cc34045b7cff5deacb995655"
        },
        {
          "type": "image",
          "assetId": "6os7A-Jtzl3AUT",
          "checksum": "2333185104578ae07e35cb55f1e12cbb"
        },
        {
          "type": "image",
          "assetId": "MaK9xtHAmUXh32",
          "checksum": "1f06f11fe3e82a658ed966cc6ef2d50f"
        },
        {
          "type": "image",
          "assetId": "R9vUkYXZZHf3yG",
          "checksum": "9899cb238cd2a19b8c88a3c345667d88"
        },
        {
          "type": "image",
          "assetId": "eDfkFNxTK8ydG2",
          "checksum": "b31149c6590675bac480210f23ec1756"
        },
        {
          "type": "image",
          "assetId": "DUQXwfqoCP4s49",
          "checksum": "5d651b7cb71f4f86738980b5ae6a3aa0"
        },
        {
          "type": "image",
          "assetId": "FstUHECFIMjD4_",
          "checksum": "29963248ca5506e1763cbb5c884367ac"
        },
        {
          "type": "image",
          "assetId": "OEbqCdqBBhFpxC",
          "checksum": "89a2206e7a526b8d5a79ad2431b5c7fe"
        },
        {
          "type": "image",
          "assetId": "75O8g4IMVmu9x3",
          "checksum": "1fd69d9f6459a9bd875c190b62cfebc5"
        },
        {
          "type": "image",
          "assetId": "RGCUm5bj7Lt3eo",
          "checksum": "460e0cbe2d5f192bf486c2948fc98965"
        }
      ],
      "codegenVersion": "0.0.1"
    }
  ],
  "cliVersion": "0.1.178"
}
